
Microsoft Visual Studio Solution File, Format Version 12.00
# Visual Studio Version 16
VisualStudioVersion = 16.0.31313.79
MinimumVisualStudioVersion = 10.0.40219.1
Project("{FAE04EC0-301F-11D3-BF4B-00C04F79EFBC}") = "test_O", "test\test_O.csproj", "{E870E151-F372-4F5E-921B-1CEDECA44BA3}"
EndProject
Project("{FAE04EC0-301F-11D3-BF4B-00C04F79EFBC}") = "Test_L", "Test_L\Test_L.csproj", "{A1297EE0-DB57-4D54-BB78-698468F86223}"
EndProject
Project("{FAE04EC0-301F-11D3-BF4B-00C04F79EFBC}") = "test_D", "test_D\test_D.csproj", "{1F815C12-4D34-4027-B908-5A2C685894A4}"
EndProject
Global
	GlobalSection(SolutionConfigurationPlatforms) = preSolution
		Debug|Any CPU = Debug|Any CPU
		Release|Any CPU = Release|Any CPU
	EndGlobalSection
	GlobalSection(ProjectConfigurationPlatforms) = postSolution
		{E870E151-F372-4F5E-921B-1CEDECA44BA3}.Debug|Any CPU.ActiveCfg = Debug|Any CPU
		{E870E151-F372-4F5E-921B-1CEDECA44BA3}.Debug|Any CPU.Build.0 = Debug|Any CPU
		{E870E151-F372-4F5E-921B-1CEDECA44BA3}.Release|Any CPU.ActiveCfg = Release|Any CPU
		{E870E151-F372-4F5E-921B-1CEDECA44BA3}.Release|Any CPU.Build.0 = Release|Any CPU
		{A1297EE0-DB57-4D54-BB78-698468F86223}.Debug|Any CPU.ActiveCfg = Debug|Any CPU
		{A1297EE0-DB57-4D54-BB78-698468F86223}.Debug|Any CPU.Build.0 = Debug|Any CPU
		{A1297EE0-DB57-4D54-BB78-698468F86223}.Release|Any CPU.ActiveCfg = Release|Any CPU
		{A1297EE0-DB57-4D54-BB78-698468F86223}.Release|Any CPU.Build.0 = Release|Any CPU
		{1F815C12-4D34-4027-B908-5A2C685894A4}.Debug|Any CPU.ActiveCfg = Debug|Any CPU
		{1F815C12-4D34-4027-B908-5A2C685894A4}.Debug|Any CPU.Build.0 = Debug|Any CPU
		{1F815C12-4D34-4027-B908-5A2C685894A4}.Release|Any CPU.ActiveCfg = Release|Any CPU
		{1F815C12-4D34-4027-B908-5A2C685894A4}.Release|Any CPU.Build.0 = Release|Any CPU
	EndGlobalSection
	GlobalSection(SolutionProperties) = preSolution
		HideSolutionNode = FALSE
	EndGlobalSection
	GlobalSection(ExtensibilityGlobals) = postSolution
		SolutionGuid = {C183FCAE-8350-48B5-A33B-82E9A932CB02}
	EndGlobalSection
EndGlobal
